// !$*UTF8*$!
{
	archiveVersion = 1;
	classes = {
	};
	objectVersion = 50;
	objects = {

/* Begin PBXBuildFile section */
		EA9B117721C8D02B0020342F /* AppDelegate.m in Sources */ = {isa = PBXBuildFile; fileRef = EA9B117621C8D02B0020342F /* AppDelegate.m */; };
		EA9B117A21C8D02B0020342F /* ViewController.m in Sources */ = {isa = PBXBuildFile; fileRef = EA9B117921C8D02B0020342F /* ViewController.m */; };
		EA9B117D21C8D02B0020342F /* Main.storyboard in Resources */ = {isa = PBXBuildFile; fileRef = EA9B117B21C8D02B0020342F /* Main.storyboard */; };
		EA9B117F21C8D02D0020342F /* Assets.xcassets in Resources */ = {isa = PBXBuildFile; fileRef = EA9B117E21C8D02D0020342F /* Assets.xcassets */; };
		EA9B118221C8D02D0020342F /* LaunchScreen.storyboard in Resources */ = {isa = PBXBuildFile; fileRef = EA9B118021C8D02D0020342F /* LaunchScreen.storyboard */; };
		EA9B118521C8D02D0020342F /* main.m in Sources */ = {isa = PBXBuildFile; fileRef = EA9B118421C8D02D0020342F /* main.m */; };
		EA9B118F21C8D02D0020342F /* TravisTestTests.m in Sources */ = {isa = PBXBuildFile; fileRef = EA9B118E21C8D02D0020342F /* TravisTestTests.m */; };
/* End PBXBuildFile section */

/* Begin PBXContainerItemProxy section */
		EA9B118B21C8D02D0020342F /* PBXContainerItemProxy */ = {
			isa = PBXContainerItemProxy;
			containerPortal = EA9B116A21C8D02B0020342F /* Project object */;
			proxyType = 1;
			remoteGlobalIDString = EA9B117121C8D02B0020342F;
			remoteInfo = TravisTest;
		};
/* End PBXContainerItemProxy section */

/* Begin PBXFileReference section */
		EA9B117221C8D02B0020342F /* TravisTest.app */ = {isa = PBXFileReference; explicitFileType = wrapper.application; includeInIndex = 0; path = TravisTest.app; sourceTree = BUILT_PRODUCTS_DIR; };
		EA9B117521C8D02B0020342F /* AppDelegate.h */ = {isa = PBXFileReference; lastKnownFileType = sourcecode.c.h; path = AppDelegate.h; sourceTree = "<group>"; };
		EA9B117621C8D02B0020342F /* AppDelegate.m */ = {isa = PBXFileReference; lastKnownFileType = sourcecode.c.objc; path = AppDelegate.m; sourceTree = "<group>"; };
		EA9B117821C8D02B0020342F /* ViewController.h */ = {isa = PBXFileReference; lastKnownFileType = sourcecode.c.h; path = ViewController.h; sourceTree = "<group>"; };
		EA9B117921C8D02B0020342F /* ViewController.m */ = {isa = PBXFileReference; lastKnownFileType = sourcecode.c.objc; path = ViewController.m; sourceTree = "<group>"; };
		EA9B117C21C8D02B0020342F /* Base */ = {isa = PBXFileReference; lastKnownFileType = file.storyboard; name = Base; path = Base.lproj/Main.storyboard; sourceTree = "<group>"; };
		EA9B117E21C8D02D0020342F /* Assets.xcassets */ = {isa = PBXFileReference; lastKnownFileType = folder.assetcatalog; path = Assets.xcassets; sourceTree = "<group>"; };
		EA9B118121C8D02D0020342F /* Base */ = {isa = PBXFileReference; lastKnownFileType = file.storyboard; name = Base; path = Base.lproj/LaunchScreen.storyboard; sourceTree = "<group>"; };
		EA9B118321C8D02D0020342F /* Info.plist */ = {isa = PBXFileReference; lastKnownFileType = text.plist.xml; path = Info.plist; sourceTree = "<group>"; };
		EA9B118421C8D02D0020342F /* main.m */ = {isa = PBXFileReference; lastKnownFileType = sourcecode.c.objc; path = main.m; sourceTree = "<group>"; };
		EA9B118A21C8D02D0020342F /* TravisTestTests.xctest */ = {isa = PBXFileReference; explicitFileType = wrapper.cfbundle; includeInIndex = 0; path = TravisTestTests.xctest; sourceTree = BUILT_PRODUCTS_DIR; };
		EA9B118E21C8D02D0020342F /* TravisTestTests.m */ = {isa = PBXFileReference; lastKnownFileType = sourcecode.c.objc; path = TravisTestTests.m; sourceTree = "<group>"; };
		EA9B119021C8D02D0020342F /* Info.plist */ = {isa = PBXFileReference; lastKnownFileType = text.plist.xml; path = Info.plist; sourceTree = "<group>"; };
/* End PBXFileReference section */

/* Begin PBXFrameworksBuildPhase section */
		EA9B116F21C8D02B0020342F /* Frameworks */ = {
			isa = PBXFrameworksBuildPhase;
			buildActionMask = 2147483647;
			files = (
			);
			runOnlyForDeploymentPostprocessing = 0;
		};
		EA9B118721C8D02D0020342F /* Frameworks */ = {
			isa = PBXFrameworksBuildPhase;
			buildActionMask = 2147483647;
			files = (
			);
			runOnlyForDeploymentPostprocessing = 0;
		};
/* End PBXFrameworksBuildPhase section */

/* Begin PBXGroup section */
		EA9B116921C8D02B0020342F = {
			isa = PBXGroup;
			children = (
				EA9B117421C8D02B0020342F /* TravisTest */,
				EA9B118D21C8D02D0020342F /* TravisTestTests */,
				EA9B117321C8D02B0020342F /* Products */,
			);
			sourceTree = "<group>";
		};
		EA9B117321C8D02B0020342F /* Products */ = {
			isa = PBXGroup;
			children = (
				EA9B117221C8D02B0020342F /* TravisTest.app */,
				EA9B118A21C8D02D0020342F /* TravisTestTests.xctest */,
			);
			name = Products;
			sourceTree = "<group>";
		};
		EA9B117421C8D02B0020342F /* TravisTest */ = {
			isa = PBXGroup;
			children = (
				EA9B117521C8D02B0020342F /* AppDelegate.h */,
				EA9B117621C8D02B0020342F /* AppDelegate.m */,
				EA9B117821C8D02B0020342F /* ViewController.h */,
				EA9B117921C8D02B0020342F /* ViewController.m */,
				EA9B117B21C8D02B0020342F /* Main.storyboard */,
				EA9B117E21C8D02D0020342F /* Assets.xcassets */,
				EA9B118021C8D02D0020342F /* LaunchScreen.storyboard */,
				EA9B118321C8D02D0020342F /* Info.plist */,
				EA9B118421C8D02D0020342F /* main.m */,
			);
			path = TravisTest;
			sourceTree = "<group>";
		};
		EA9B118D21C8D02D0020342F /* TravisTestTests */ = {
			isa = PBXGroup;
			children = (
				EA9B118E21C8D02D0020342F /* TravisTestTests.m */,
				EA9B119021C8D02D0020342F /* Info.plist */,
			);
			path = TravisTestTests;
			sourceTree = "<group>";
		};
/* End PBXGroup section */

/* Begin PBXNativeTarget section */
		EA9B117121C8D02B0020342F /* TravisTest */ = {
			isa = PBXNativeTarget;
			buildConfigurationList = EA9B119321C8D02D0020342F /* Build configuration list for PBXNativeTarget "TravisTest" */;
			buildPhases = (
				EA9B116E21C8D02B0020342F /* Sources */,
				EA9B116F21C8D02B0020342F /* Frameworks */,
				EA9B117021C8D02B0020342F /* Resources */,
			);
			buildRules = (
			);
			dependencies = (
			);
			name = TravisTest;
			productName = TravisTest;
			productReference = EA9B117221C8D02B0020342F /* TravisTest.app */;
			productType = "com.apple.product-type.application";
		};
		EA9B118921C8D02D0020342F /* TravisTestTests */ = {
			isa = PBXNativeTarget;
			buildConfigurationList = EA9B119621C8D02D0020342F /* Build configuration list for PBXNativeTarget "TravisTestTests" */;
			buildPhases = (
				EA9B118621C8D02D0020342F /* Sources */,
				EA9B118721C8D02D0020342F /* Frameworks */,
				EA9B118821C8D02D0020342F /* Resources */,
			);
			buildRules = (
			);
			dependencies = (
				EA9B118C21C8D02D0020342F /* PBXTargetDependency */,
			);
			name = TravisTestTests;
			productName = TravisTestTests;
			productReference = EA9B118A21C8D02D0020342F /* TravisTestTests.xctest */;
			productType = "com.apple.product-type.bundle.unit-test";
		};
/* End PBXNativeTarget section */

/* Begin PBXProject section */
		EA9B116A21C8D02B0020342F /* Project object */ = {
			isa = PBXProject;
			attributes = {
				LastUpgradeCheck = 1010;
				ORGANIZATIONNAME = linhuijie;
				TargetAttributes = {
					EA9B117121C8D02B0020342F = {
						CreatedOnToolsVersion = 10.1;
					};
					EA9B118921C8D02D0020342F = {
						CreatedOnToolsVersion = 10.1;
						TestTargetID = EA9B117121C8D02B0020342F;
					};
				};
			};
			buildConfigurationList = EA9B116D21C8D02B0020342F /* Build configuration list for PBXProject "TravisTest" */;
			compatibilityVersion = "Xcode 9.3";
			developmentRegion = en;
			hasScannedForEncodings = 0;
			knownRegions = (
				en,
				Base,
			);
			mainGroup = EA9B116921C8D02B0020342F;
			productRefGroup = EA9B117321C8D02B0020342F /* Products */;
			projectDirPath = "";
			projectRoot = "";
			targets = (
				EA9B117121C8D02B0020342F /* TravisTest */,
				EA9B118921C8D02D0020342F /* TravisTestTests */,
			);
		};
/* End PBXProject section */

/* Begin PBXResourcesBuildPhase section */
		EA9B117021C8D02B0020342F /* Resources */ = {
			isa = PBXResourcesBuildPhase;
			buildActionMask = 2147483647;
			files = (
				EA9B118221C8D02D0020342F /* LaunchScreen.storyboard in Resources */,
				EA9B117F21C8D02D0020342F /* Assets.xcassets in Resources */,
				EA9B117D21C8D02B0020342F /* Main.storyboard in Resources */,
			);
			runOnlyForDeploymentPostprocessing = 0;
		};
		EA9B118821C8D02D0020342F /* Resources */ = {
			isa = PBXResourcesBuildPhase;
			buildActionMask = 2147483647;
			files = (
			);
			runOnlyForDeploymentPostprocessing = 0;
		};
/* End PBXResourcesBuildPhase section */

/* Begin PBXSourcesBuildPhase section */
		EA9B116E21C8D02B0020342F /* Sources */ = {
			isa = PBXSourcesBuildPhase;
			buildActionMask = 2147483647;
			files = (
				EA9B117A21C8D02B0020342F /* ViewController.m in Sources */,
				EA9B118521C8D02D0020342F /* main.m in Sources */,
				EA9B117721C8D02B0020342F /* AppDelegate.m in Sources */,
			);
			runOnlyForDeploymentPostprocessing = 0;
		};
		EA9B118621C8D02D0020342F /* Sources */ = {
			isa = PBXSourcesBuildPhase;
			buildActionMask = 2147483647;
			files = (
				EA9B118F21C8D02D0020342F /* TravisTestTests.m in Sources */,
			);
			runOnlyForDeploymentPostprocessing = 0;
		};
/* End PBXSourcesBuildPhase section */

/* Begin PBXTargetDependency section */
		EA9B118C21C8D02D0020342F /* PBXTargetDependency */ = {
			isa = PBXTargetDependency;
			target = EA9B117121C8D02B0020342F /* TravisTest */;
			targetProxy = EA9B118B21C8D02D0020342F /* PBXContainerItemProxy */;
		};
/* End PBXTargetDependency section */

/* Begin PBXVariantGroup section */
		EA9B117B21C8D02B0020342F /* Main.storyboard */ = {
			isa = PBXVariantGroup;
			children = (
				EA9B117C21C8D02B0020342F /* Base */,
			);
			name = Main.storyboard;
			sourceTree = "<group>";
		};
		EA9B118021C8D02D0020342F /* LaunchScreen.storyboard */ = {
			isa = PBXVariantGroup;
			children = (
				EA9B118121C8D02D0020342F /* Base */,
			);
			name = LaunchScreen.storyboard;
			sourceTree = "<group>";
		};
/* End PBXVariantGroup section */

/* Begin XCBuildConfiguration section */
		EA9B119121C8D02D0020342F /* Debug */ = {
			isa = XCBuildConfiguration;
			buildSettings = {
				ALWAYS_SEARCH_USER_PATHS = NO;
				CLANG_ANALYZER_NONNULL = YES;
				CLANG_ANALYZER_NUMBER_OBJECT_CONVERSION = YES_AGGRESSIVE;
				CLANG_CXX_LANGUAGE_STANDARD = "gnu++14";
				CLANG_CXX_LIBRARY = "libc++";
				CLANG_ENABLE_MODULES = YES;
				CLANG_ENABLE_OBJC_ARC = YES;
				CLANG_ENABLE_OBJC_WEAK = YES;
				CLANG_WARN_BLOCK_CAPTURE_AUTORELEASING = YES;
				CLANG_WARN_BOOL_CONVERSION = YES;
				CLANG_WARN_COMMA = YES;
				CLANG_WARN_CONSTANT_CONVERSION = YES;
				CLANG_WARN_DEPRECATED_OBJC_IMPLEMENTATIONS = YES;
				CLANG_WARN_DIRECT_OBJC_ISA_USAGE = YES_ERROR;
				CLANG_WARN_DOCUMENTATION_COMMENTS = YES;
				CLANG_WARN_EMPTY_BODY = YES;
				CLANG_WARN_ENUM_CONVERSION = YES;
				CLANG_WARN_INFINITE_RECURSION = YES;
				CLANG_WARN_INT_CONVERSION = YES;
				CLANG_WARN_NON_LITERAL_NULL_CONVERSION = YES;
				CLANG_WARN_OBJC_IMPLICIT_RETAIN_SELF = YES;
				CLANG_WARN_OBJC_LITERAL_CONVERSION = YES;
				CLANG_WARN_OBJC_ROOT_CLASS = YES_ERROR;
				CLANG_WARN_RANGE_LOOP_ANALYSIS = YES;
				CLANG_WARN_STRICT_PROTOTYPES = YES;
				CLANG_WARN_SUSPICIOUS_MOVE = YES;
				CLANG_WARN_UNGUARDED_AVAILABILITY = YES_AGGRESSIVE;
				CLANG_WARN_UNREACHABLE_CODE = YES;
				CLANG_WARN__DUPLICATE_METHOD_MATCH = YES;
				CODE_SIGN_IDENTITY = "iPhone Developer";
				COPY_PHASE_STRIP = NO;
				DEBUG_INFORMATION_FORMAT = dwarf;
				ENABLE_STRICT_OBJC_MSGSEND = YES;
				ENABLE_TESTABILITY = YES;
				GCC_C_LANGUAGE_STANDARD = gnu11;
				GCC_DYNAMIC_NO_PIC = NO;
				GCC_NO_COMMON_BLOCKS = YES;
				GCC_OPTIMIZATION_LEVEL = 0;
				GCC_PREPROCESSOR_DEFINITIONS = (
					"DEBUG=1",
					"$(inherited)",
				);
				GCC_WARN_64_TO_32_BIT_CONVERSION = YES;
				GCC_WARN_ABOUT_RETURN_TYPE = YES_ERROR;
				GCC_WARN_UNDECLARED_SELECTOR = YES;
				GCC_WARN_UNINITIALIZED_AUTOS = YES_AGGRESSIVE;
				GCC_WARN_UNUSED_FUNCTION = YES;
				GCC_WARN_UNUSED_VARIABLE = YES;
				IPHONEOS_DEPLOYMENT_TARGET = 12.1;
				MTL_ENABLE_DEBUG_INFO = INCLUDE_SOURCE;
				MTL_FAST_MATH = YES;
				ONLY_ACTIVE_ARCH = YES;
				SDKROOT = iphoneos;
			};
			name = Debug;
		};
		EA9B119221C8D02D0020342F /* Release */ = {
			isa = XCBuildConfiguration;
			buildSettings = {
				ALWAYS_SEARCH_USER_PATHS = NO;
				CLANG_ANALYZER_NONNULL = YES;
				CLANG_ANALYZER_NUMBER_OBJECT_CONVERSION = YES_AGGRESSIVE;
				CLANG_CXX_LANGUAGE_STANDARD = "gnu++14";
				CLANG_CXX_LIBRARY = "libc++";
				CLANG_ENABLE_MODULES = YES;
				CLANG_ENABLE_OBJC_ARC = YES;
				CLANG_ENABLE_OBJC_WEAK = YES;
				CLANG_WARN_BLOCK_CAPTURE_AUTORELEASING = YES;
				CLANG_WARN_BOOL_CONVERSION = YES;
				CLANG_WARN_COMMA = YES;
				CLANG_WARN_CONSTANT_CONVERSION = YES;
				CLANG_WARN_DEPRECATED_OBJC_IMPLEMENTATIONS = YES;
				CLANG_WARN_DIRECT_OBJC_ISA_USAGE = YES_ERROR;
				CLANG_WARN_DOCUMENTATION_COMMENTS = YES;
				CLANG_WARN_EMPTY_BODY = YES;
				CLANG_WARN_ENUM_CONVERSION = YES;
				CLANG_WARN_INFINITE_RECURSION = YES;
				CLANG_WARN_INT_CONVERSION = YES;
				CLANG_WARN_NON_LITERAL_NULL_CONVERSION = YES;
				CLANG_WARN_OBJC_IMPLICIT_RETAIN_SELF = YES;
				CLANG_WARN_OBJC_LITERAL_CONVERSION = YES;
				CLANG_WARN_OBJC_ROOT_CLASS = YES_ERROR;
				CLANG_WARN_RANGE_LOOP_ANALYSIS = YES;
				CLANG_WARN_STRICT_PROTOTYPES = YES;
				CLANG_WARN_SUSPICIOUS_MOVE = YES;
				CLANG_WARN_UNGUARDED_AVAILABILITY = YES_AGGRESSIVE;
				CLANG_WARN_UNREACHABLE_CODE = YES;
				CLANG_WARN__DUPLICATE_METHOD_MATCH = YES;
				CODE_SIGN_IDENTITY = "iPhone Developer";
				COPY_PHASE_STRIP = NO;
				DEBUG_INFORMATION_FORMAT = "dwarf-with-dsym";
				ENABLE_NS_ASSERTIONS = NO;
				ENABLE_STRICT_OBJC_MSGSEND = YES;
				GCC_C_LANGUAGE_STANDARD = gnu11;
				GCC_NO_COMMON_BLOCKS = YES;
				GCC_WARN_64_TO_32_BIT_CONVERSION = YES;
				GCC_WARN_ABOUT_RETURN_TYPE = YES_ERROR;
				GCC_WARN_UNDECLARED_SELECTOR = YES;
				GCC_WARN_UNINITIALIZED_AUTOS = YES_AGGRESSIVE;
				GCC_WARN_UNUSED_FUNCTION = YES;
				GCC_WARN_UNUSED_VARIABLE = YES;
				IPHONEOS_DEPLOYMENT_TARGET = 12.1;
				MTL_ENABLE_DEBUG_INFO = NO;
				MTL_FAST_MATH = YES;
				SDKROOT = iphoneos;
				VALIDATE_PRODUCT = YES;
			};
			name = Release;
		};
		EA9B119421C8D02D0020342F /* Debug */ = {
			isa = XCBuildConfiguration;
			buildSettings = {
				ASSETCATALOG_COMPILER_APPICON_NAME = AppIcon;
				CODE_SIGN_STYLE = Automatic;
				INFOPLIST_FILE = TravisTest/Info.plist;
				LD_RUNPATH_SEARCH_PATHS = (
					"$(inherited)",
					"@executable_path/Frameworks",
				);
				PRODUCT_BUNDLE_IDENTIFIER = testAPP.TravisTest;
				PRODUCT_NAME = "$(TARGET_NAME)";
				TARGETED_DEVICE_FAMILY = "1,2";
			};
			name = Debug;
		};
		EA9B119521C8D02D0020342F /* Release */ = {
			isa = XCBuildConfiguration;
			buildSettings = {
				ASSETCATALOG_COMPILER_APPICON_NAME = AppIcon;
				CODE_SIGN_STYLE = Automatic;
				INFOPLIST_FILE = TravisTest/Info.plist;
				LD_RUNPATH_SEARCH_PATHS = (
					"$(inherited)",
					"@executable_path/Frameworks",
				);
				PRODUCT_BUNDLE_IDENTIFIER = testAPP.TravisTest;
				PRODUCT_NAME = "$(TARGET_NAME)";
				TARGETED_DEVICE_FAMILY = "1,2";
			};
			name = Release;
		};
		EA9B119721C8D02D0020342F /* Debug */ = {
			isa = XCBuildConfiguration;
			buildSettings = {
				BUNDLE_LOADER = "$(TEST_HOST)";
				CODE_SIGN_STYLE = Automatic;
				INFOPLIST_FILE = TravisTestTests/Info.plist;
				LD_RUNPATH_SEARCH_PATHS = (
					"$(inherited)",
					"@executable_path/Frameworks",
					"@loader_path/Frameworks",
				);
				PRODUCT_BUNDLE_IDENTIFIER = testAPP.TravisTestTests;
				PRODUCT_NAME = "$(TARGET_NAME)";
				TARGETED_DEVICE_FAMILY = "1,2";
				TEST_HOST = "$(BUILT_PRODUCTS_DIR)/TravisTest.app/TravisTest";
			};
			name = Debug;
		};
		EA9B119821C8D02D0020342F /* Release */ = {
			isa = XCBuildConfiguration;
			buildSettings = {
				BUNDLE_LOADER = "$(TEST_HOST)";
				CODE_SIGN_STYLE = Automatic;
				INFOPLIST_FILE = TravisTestTests/Info.plist;
				LD_RUNPATH_SEARCH_PATHS = (
					"$(inherited)",
					"@executable_path/Frameworks",
					"@loader_path/Frameworks",
				);
				PRODUCT_BUNDLE_IDENTIFIER = testAPP.TravisTestTests;
				PRODUCT_NAME = "$(TARGET_NAME)";
				TARGETED_DEVICE_FAMILY = "1,2";
				TEST_HOST = "$(BUILT_PRODUCTS_DIR)/TravisTest.app/TravisTest";
			};
			name = Release;
		};
/* End XCBuildConfiguration section */

/* Begin XCConfigurationList section */
		EA9B116D21C8D02B0020342F /* Build configuration list for PBXProject "TravisTest" */ = {
			isa = XCConfigurationList;
			buildConfigurations = (
				EA9B119121C8D02D0020342F /* Debug */,
				EA9B119221C8D02D0020342F /* Release */,
			);
			defaultConfigurationIsVisible = 0;
			defaultConfigurationName = Release;
		};
		EA9B119321C8D02D0020342F /* Build configuration list for PBXNativeTarget "TravisTest" */ = {
			isa = XCConfigurationList;
			buildConfigurations = (
				EA9B119421C8D02D0020342F /* Debug */,
				EA9B119521C8D02D0020342F /* Release */,
			);
			defaultConfigurationIsVisible = 0;
			defaultConfigurationName = Release;
		};
		EA9B119621C8D02D0020342F /* Build configuration list for PBXNativeTarget "TravisTestTests" */ = {
			isa = XCConfigurationList;
			buildConfigurations = (
				EA9B119721C8D02D0020342F /* Debug */,
				EA9B119821C8D02D0020342F /* Release */,
			);
			defaultConfigurationIsVisible = 0;
			defaultConfigurationName = Release;
		};
/* End XCConfigurationList section */
	};
	rootObject = EA9B116A21C8D02B0020342F /* Project object */;
}
